
Microsoft Visual Studio Solution File, Format Version 12.00
# Visual Studio Version 17
VisualStudioVersion = 17.1.32407.343
MinimumVisualStudioVersion = 10.0.40219.1
Project("{FAE04EC0-301F-11D3-BF4B-00C04F79EFBC}") = "ders2", "ders2\ders2.csproj", "{1D53386E-9A36-4BBB-B23C-BDA27CD96B3E}"
EndProject
Global
	GlobalSection(SolutionConfigurationPlatforms) = preSolution
		Debug|Any CPU = Debug|Any CPU
		Release|Any CPU = Release|Any CPU
	EndGlobalSection
	GlobalSection(ProjectConfigurationPlatforms) = postSolution
		{1D53386E-9A36-4BBB-B23C-BDA27CD96B3E}.Debug|Any CPU.ActiveCfg = Debug|Any CPU
		{1D53386E-9A36-4BBB-B23C-BDA27CD96B3E}.Debug|Any CPU.Build.0 = Debug|Any CPU
		{1D53386E-9A36-4BBB-B23C-BDA27CD96B3E}.Release|Any CPU.ActiveCfg = Release|Any CPU
		{1D53386E-9A36-4BBB-B23C-BDA27CD96B3E}.Release|Any CPU.Build.0 = Release|Any CPU
	EndGlobalSection
	GlobalSection(SolutionProperties) = preSolution
		HideSolutionNode = FALSE
	EndGlobalSection
	GlobalSection(ExtensibilityGlobals) = postSolution
		SolutionGuid = {7A4F9045-9EE9-4726-9E11-1D4DE3A82D1A}
	EndGlobalSection
EndGlobal
